
Microsoft Visual Studio Solution File, Format Version 12.00
# Visual Studio 15
VisualStudioVersion = 15.0.26124.0
MinimumVisualStudioVersion = 15.0.26124.0
Project("{FAE04EC0-301F-11D3-BF4B-00C04F79EFBC}") = "API", "API\API.csproj", "{6FD82353-EE77-43DB-99BC-BCF092CD45AB}"
EndProject
Project("{FAE04EC0-301F-11D3-BF4B-00C04F79EFBC}") = "Application", "Application\Application.csproj", "{211957F6-D06B-49EA-86CA-6F36E5C7C4F2}"
EndProject
Project("{FAE04EC0-301F-11D3-BF4B-00C04F79EFBC}") = "Persistence", "Persistence\Persistence.csproj", "{A5733464-B6D5-4559-81D1-0B93AF67DBDD}"
EndProject
Project("{FAE04EC0-301F-11D3-BF4B-00C04F79EFBC}") = "Domain", "Domain\Domain.csproj", "{924ED285-F580-4539-AD99-70DFD6D68A4A}"
EndProject
Global
	GlobalSection(SolutionConfigurationPlatforms) = preSolution
		Debug|Any CPU = Debug|Any CPU
		Debug|x64 = Debug|x64
		Debug|x86 = Debug|x86
		Release|Any CPU = Release|Any CPU
		Release|x64 = Release|x64
		Release|x86 = Release|x86
	EndGlobalSection
	GlobalSection(SolutionProperties) = preSolution
		HideSolutionNode = FALSE
	EndGlobalSection
	GlobalSection(ProjectConfigurationPlatforms) = postSolution
		{6FD82353-EE77-43DB-99BC-BCF092CD45AB}.Debug|Any CPU.ActiveCfg = Debug|Any CPU
		{6FD82353-EE77-43DB-99BC-BCF092CD45AB}.Debug|Any CPU.Build.0 = Debug|Any CPU
		{6FD82353-EE77-43DB-99BC-BCF092CD45AB}.Debug|x64.ActiveCfg = Debug|Any CPU
		{6FD82353-EE77-43DB-99BC-BCF092CD45AB}.Debug|x64.Build.0 = Debug|Any CPU
		{6FD82353-EE77-43DB-99BC-BCF092CD45AB}.Debug|x86.ActiveCfg = Debug|Any CPU
		{6FD82353-EE77-43DB-99BC-BCF092CD45AB}.Debug|x86.Build.0 = Debug|Any CPU
		{6FD82353-EE77-43DB-99BC-BCF092CD45AB}.Release|Any CPU.ActiveCfg = Release|Any CPU
		{6FD82353-EE77-43DB-99BC-BCF092CD45AB}.Release|Any CPU.Build.0 = Release|Any CPU
		{6FD82353-EE77-43DB-99BC-BCF092CD45AB}.Release|x64.ActiveCfg = Release|Any CPU
		{6FD82353-EE77-43DB-99BC-BCF092CD45AB}.Release|x64.Build.0 = Release|Any CPU
		{6FD82353-EE77-43DB-99BC-BCF092CD45AB}.Release|x86.ActiveCfg = Release|Any CPU
		{6FD82353-EE77-43DB-99BC-BCF092CD45AB}.Release|x86.Build.0 = Release|Any CPU
		{211957F6-D06B-49EA-86CA-6F36E5C7C4F2}.Debug|Any CPU.ActiveCfg = Debug|Any CPU
		{211957F6-D06B-49EA-86CA-6F36E5C7C4F2}.Debug|Any CPU.Build.0 = Debug|Any CPU
		{211957F6-D06B-49EA-86CA-6F36E5C7C4F2}.Debug|x64.ActiveCfg = Debug|Any CPU
		{211957F6-D06B-49EA-86CA-6F36E5C7C4F2}.Debug|x64.Build.0 = Debug|Any CPU
		{211957F6-D06B-49EA-86CA-6F36E5C7C4F2}.Debug|x86.ActiveCfg = Debug|Any CPU
		{211957F6-D06B-49EA-86CA-6F36E5C7C4F2}.Debug|x86.Build.0 = Debug|Any CPU
		{211957F6-D06B-49EA-86CA-6F36E5C7C4F2}.Release|Any CPU.ActiveCfg = Release|Any CPU
		{211957F6-D06B-49EA-86CA-6F36E5C7C4F2}.Release|Any CPU.Build.0 = Release|Any CPU
		{211957F6-D06B-49EA-86CA-6F36E5C7C4F2}.Release|x64.ActiveCfg = Release|Any CPU
		{211957F6-D06B-49EA-86CA-6F36E5C7C4F2}.Release|x64.Build.0 = Release|Any CPU
		{211957F6-D06B-49EA-86CA-6F36E5C7C4F2}.Release|x86.ActiveCfg = Release|Any CPU
		{211957F6-D06B-49EA-86CA-6F36E5C7C4F2}.Release|x86.Build.0 = Release|Any CPU
		{A5733464-B6D5-4559-81D1-0B93AF67DBDD}.Debug|Any CPU.ActiveCfg = Debug|Any CPU
		{A5733464-B6D5-4559-81D1-0B93AF67DBDD}.Debug|Any CPU.Build.0 = Debug|Any CPU
		{A5733464-B6D5-4559-81D1-0B93AF67DBDD}.Debug|x64.ActiveCfg = Debug|Any CPU
		{A5733464-B6D5-4559-81D1-0B93AF67DBDD}.Debug|x64.Build.0 = Debug|Any CPU
		{A5733464-B6D5-4559-81D1-0B93AF67DBDD}.Debug|x86.ActiveCfg = Debug|Any CPU
		{A5733464-B6D5-4559-81D1-0B93AF67DBDD}.Debug|x86.Build.0 = Debug|Any CPU
		{A5733464-B6D5-4559-81D1-0B93AF67DBDD}.Release|Any CPU.ActiveCfg = Release|Any CPU
		{A5733464-B6D5-4559-81D1-0B93AF67DBDD}.Release|Any CPU.Build.0 = Release|Any CPU
		{A5733464-B6D5-4559-81D1-0B93AF67DBDD}.Release|x64.ActiveCfg = Release|Any CPU
		{A5733464-B6D5-4559-81D1-0B93AF67DBDD}.Release|x64.Build.0 = Release|Any CPU
		{A5733464-B6D5-4559-81D1-0B93AF67DBDD}.Release|x86.ActiveCfg = Release|Any CPU
		{A5733464-B6D5-4559-81D1-0B93AF67DBDD}.Release|x86.Build.0 = Release|Any CPU
		{924ED285-F580-4539-AD99-70DFD6D68A4A}.Debug|Any CPU.ActiveCfg = Debug|Any CPU
		{924ED285-F580-4539-AD99-70DFD6D68A4A}.Debug|Any CPU.Build.0 = Debug|Any CPU
		{924ED285-F580-4539-AD99-70DFD6D68A4A}.Debug|x64.ActiveCfg = Debug|Any CPU
		{924ED285-F580-4539-AD99-70DFD6D68A4A}.Debug|x64.Build.0 = Debug|Any CPU
		{924ED285-F580-4539-AD99-70DFD6D68A4A}.Debug|x86.ActiveCfg = Debug|Any CPU
		{924ED285-F580-4539-AD99-70DFD6D68A4A}.Debug|x86.Build.0 = Debug|Any CPU
		{924ED285-F580-4539-AD99-70DFD6D68A4A}.Release|Any CPU.ActiveCfg = Release|Any CPU
		{924ED285-F580-4539-AD99-70DFD6D68A4A}.Release|Any CPU.Build.0 = Release|Any CPU
		{924ED285-F580-4539-AD99-70DFD6D68A4A}.Release|x64.ActiveCfg = Release|Any CPU
		{924ED285-F580-4539-AD99-70DFD6D68A4A}.Release|x64.Build.0 = Release|Any CPU
		{924ED285-F580-4539-AD99-70DFD6D68A4A}.Release|x86.ActiveCfg = Release|Any CPU
		{924ED285-F580-4539-AD99-70DFD6D68A4A}.Release|x86.Build.0 = Release|Any CPU
	EndGlobalSection
EndGlobal
